apiVersion: materials.productive-k3s.io/v1alpha1
kind: MaterialsLock
metadata: {owner: productive-k3s-addons, package: trivy-operator, version: 0.1.0}
spec:
  materials:
    - {id: trivy-operator-chart, type: helm-chart, name: trivy-operator, version: 0.35.0, source: "https://aquasecurity.github.io/helm-charts", pinPolicy: exact, required: true}
